
Microsoft Visual Studio Solution File, Format Version 12.00
# Visual Studio Version 17
VisualStudioVersion = 17.6.33829.357
MinimumVisualStudioVersion = 10.0.40219.1
Project("{FAE04EC0-301F-11D3-BF4B-00C04F79EFBC}") = "Casgem_IdentityRole", "Casgem_IdentityRole\Casgem_IdentityRole.csproj", "{4FE1F345-683A-4AD0-B195-5FA079CD6922}"
EndProject
Global
	GlobalSection(SolutionConfigurationPlatforms) = preSolution
		Debug|Any CPU = Debug|Any CPU
		Release|Any CPU = Release|Any CPU
	EndGlobalSection
	GlobalSection(ProjectConfigurationPlatforms) = postSolution
		{4FE1F345-683A-4AD0-B195-5FA079CD6922}.Debug|Any CPU.ActiveCfg = Debug|Any CPU
		{4FE1F345-683A-4AD0-B195-5FA079CD6922}.Debug|Any CPU.Build.0 = Debug|Any CPU
		{4FE1F345-683A-4AD0-B195-5FA079CD6922}.Release|Any CPU.ActiveCfg = Release|Any CPU
		{4FE1F345-683A-4AD0-B195-5FA079CD6922}.Release|Any CPU.Build.0 = Release|Any CPU
	EndGlobalSection
	GlobalSection(SolutionProperties) = preSolution
		HideSolutionNode = FALSE
	EndGlobalSection
	GlobalSection(ExtensibilityGlobals) = postSolution
		SolutionGuid = {08927814-294E-4E6C-865A-9DE2A27FE023}
	EndGlobalSection
EndGlobal
